
Microsoft Visual Studio Solution File, Format Version 12.00
# Visual Studio Version 17
VisualStudioVersion = 17.2.32616.157
MinimumVisualStudioVersion = 10.0.40219.1
Project("{FAE04EC0-301F-11D3-BF4B-00C04F79EFBC}") = "GeekSpot.API", "GeekSpot.API.csproj", "{A5EFF632-DFD1-491F-9220-11250E570BAE}"
EndProject
Global
	GlobalSection(SolutionConfigurationPlatforms) = preSolution
		Debug|Any CPU = Debug|Any CPU
		Release|Any CPU = Release|Any CPU
	EndGlobalSection
	GlobalSection(ProjectConfigurationPlatforms) = postSolution
		{A5EFF632-DFD1-491F-9220-11250E570BAE}.Debug|Any CPU.ActiveCfg = Debug|Any CPU
		{A5EFF632-DFD1-491F-9220-11250E570BAE}.Debug|Any CPU.Build.0 = Debug|Any CPU
		{A5EFF632-DFD1-491F-9220-11250E570BAE}.Release|Any CPU.ActiveCfg = Release|Any CPU
		{A5EFF632-DFD1-491F-9220-11250E570BAE}.Release|Any CPU.Build.0 = Release|Any CPU
	EndGlobalSection
	GlobalSection(SolutionProperties) = preSolution
		HideSolutionNode = FALSE
	EndGlobalSection
	GlobalSection(ExtensibilityGlobals) = postSolution
		SolutionGuid = {A1BD8E63-CCF2-4FD9-88A8-D30D96EF0403}
	EndGlobalSection
EndGlobal
